// !$*UTF8*$!
{
	archiveVersion = 1;
	classes = {
	};
	objectVersion = 46;
	objects = {

/* Begin PBXBuildFile section */
		2BBCFDF51A052C1E00AE8BA6 /* Images.xcassets in Resources */ = {isa = PBXBuildFile; fileRef = 2BBCFDF41A052C1E00AE8BA6 /* Images.xcassets */; };
		2BBCFDF81A052C1E00AE8BA6 /* LaunchScreen.xib in Resources */ = {isa = PBXBuildFile; fileRef = 2BBCFDF61A052C1E00AE8BA6 /* LaunchScreen.xib */; };
		2BBCFE041A052C1E00AE8BA6 /* lumichatTests.swift in Sources */ = {isa = PBXBuildFile; fileRef = 2BBCFE031A052C1E00AE8BA6 /* lumichatTests.swift */; };
		2BBCFE291A052C9100AE8BA6 /* LXReorderableCollectionViewFlowLayout.m in Sources */ = {isa = PBXBuildFile; fileRef = 2BBCFE281A052C9100AE8BA6 /* LXReorderableCollectionViewFlowLayout.m */; };
		2BBCFE331A052CAB00AE8BA6 /* FMDatabasePool.m in Sources */ = {isa = PBXBuildFile; fileRef = 2BBCFE2C1A052CAB00AE8BA6 /* FMDatabasePool.m */; };
		2BBCFE341A052CAB00AE8BA6 /* FMDatabase.m in Sources */ = {isa = PBXBuildFile; fileRef = 2BBCFE2E1A052CAB00AE8BA6 /* FMDatabase.m */; };
		2BBCFE351A052CAB00AE8BA6 /* FMDatabaseAdditions.m in Sources */ = {isa = PBXBuildFile; fileRef = 2BBCFE301A052CAB00AE8BA6 /* FMDatabaseAdditions.m */; };
		2BBCFE361A052CAB00AE8BA6 /* FMResultSet.m in Sources */ = {isa = PBXBuildFile; fileRef = 2BBCFE321A052CAB00AE8BA6 /* FMResultSet.m */; };
		2BBCFE3F1A052CC200AE8BA6 /* Goodbye.wav in Resources */ = {isa = PBXBuildFile; fileRef = 2BBCFE381A052CC200AE8BA6 /* Goodbye.wav */; };
		2BBCFE401A052CC200AE8BA6 /* Hello.wav in Resources */ = {isa = PBXBuildFile; fileRef = 2BBCFE391A052CC200AE8BA6 /* Hello.wav */; };
		2BBCFE411A052CC200AE8BA6 /* How_Are_You.wav in Resources */ = {isa = PBXBuildFile; fileRef = 2BBCFE3A1A052CC200AE8BA6 /* How_Are_You.wav */; };
		2BBCFE421A052CC200AE8BA6 /* Im_Hungry.wav in Resources */ = {isa = PBXBuildFile; fileRef = 2BBCFE3B1A052CC200AE8BA6 /* Im_Hungry.wav */; };
		2BBCFE431A052CC200AE8BA6 /* Im_Thirsty.wav in Resources */ = {isa = PBXBuildFile; fileRef = 2BBCFE3C1A052CC200AE8BA6 /* Im_Thirsty.wav */; };
		2BBCFE441A052CC200AE8BA6 /* Im_Tired.wav in Resources */ = {isa = PBXBuildFile; fileRef = 2BBCFE3D1A052CC200AE8BA6 /* Im_Tired.wav */; };
		2BBCFE451A052CC200AE8BA6 /* Please_Help_Me.wav in Resources */ = {isa = PBXBuildFile; fileRef = 2BBCFE3E1A052CC200AE8BA6 /* Please_Help_Me.wav */; };
		2BBCFE471A052CD400AE8BA6 /* libsqlite3.0.dylib in Frameworks */ = {isa = PBXBuildFile; fileRef = 2BBCFE461A052CD400AE8BA6 /* libsqlite3.0.dylib */; };
		2BBCFE551A052D5A00AE8BA6 /* AppDelegate.swift in Sources */ = {isa = PBXBuildFile; fileRef = 2BBCFE481A052D5A00AE8BA6 /* AppDelegate.swift */; };
		2BBCFE561A052D5A00AE8BA6 /* TableViewController.swift in Sources */ = {isa = PBXBuildFile; fileRef = 2BBCFE491A052D5A00AE8BA6 /* TableViewController.swift */; };
		2BBCFE581A052D5A00AE8BA6 /* SettingsViewController.swift in Sources */ = {isa = PBXBuildFile; fileRef = 2BBCFE4B1A052D5A00AE8BA6 /* SettingsViewController.swift */; };
		2BBCFE591A052D5A00AE8BA6 /* Constants.swift in Sources */ = {isa = PBXBuildFile; fileRef = 2BBCFE4C1A052D5A00AE8BA6 /* Constants.swift */; };
		2BBCFE5A1A052D5A00AE8BA6 /* CreateButtonViewController.swift in Sources */ = {isa = PBXBuildFile; fileRef = 2BBCFE4D1A052D5A00AE8BA6 /* CreateButtonViewController.swift */; };
		2BBCFE5B1A052D5A00AE8BA6 /* Main.storyboard in Resources */ = {isa = PBXBuildFile; fileRef = 2BBCFE4E1A052D5A00AE8BA6 /* Main.storyboard */; };
		2BBCFE5C1A052D5A00AE8BA6 /* buttonTest.jpg in Resources */ = {isa = PBXBuildFile; fileRef = 2BBCFE4F1A052D5A00AE8BA6 /* buttonTest.jpg */; };
		2BBCFE5D1A052D5A00AE8BA6 /* face.gif in Resources */ = {isa = PBXBuildFile; fileRef = 2BBCFE501A052D5A00AE8BA6 /* face.gif */; };
		2BBCFE5E1A052D5A00AE8BA6 /* ScannerDrawer.swift in Sources */ = {isa = PBXBuildFile; fileRef = 2BBCFE511A052D5A00AE8BA6 /* ScannerDrawer.swift */; };
		2BBCFE5F1A052D5A00AE8BA6 /* LXCollectionViewController1.swift in Sources */ = {isa = PBXBuildFile; fileRef = 2BBCFE521A052D5A00AE8BA6 /* LXCollectionViewController1.swift */; };
		2BBCFE601A052D5A00AE8BA6 /* ScanController.swift in Sources */ = {isa = PBXBuildFile; fileRef = 2BBCFE531A052D5A00AE8BA6 /* ScanController.swift */; };
		2BBCFE611A052D5A00AE8BA6 /* ButtonCell.swift in Sources */ = {isa = PBXBuildFile; fileRef = 2BBCFE541A052D5A00AE8BA6 /* ButtonCell.swift */; };
		2BBCFE651A0576F500AE8BA6 /* MainViewController.swift in Sources */ = {isa = PBXBuildFile; fileRef = 2BBCFE641A0576F500AE8BA6 /* MainViewController.swift */; };
		2BD6A6F41A25534300A3CBA3 /* ioapi.c in Sources */ = {isa = PBXBuildFile; fileRef = 2BD6A6EA1A25534300A3CBA3 /* ioapi.c */; };
		2BD6A6F51A25534300A3CBA3 /* mztools.c in Sources */ = {isa = PBXBuildFile; fileRef = 2BD6A6EC1A25534300A3CBA3 /* mztools.c */; };
		2BD6A6F61A25534300A3CBA3 /* unzip.c in Sources */ = {isa = PBXBuildFile; fileRef = 2BD6A6EE1A25534300A3CBA3 /* unzip.c */; };
		2BD6A6F71A25534300A3CBA3 /* zip.c in Sources */ = {isa = PBXBuildFile; fileRef = 2BD6A6F01A25534300A3CBA3 /* zip.c */; };
		2BD6A6F81A25534300A3CBA3 /* SSZipArchive.m in Sources */ = {isa = PBXBuildFile; fileRef = 2BD6A6F31A25534300A3CBA3 /* SSZipArchive.m */; };
		2BD6A6FA1A25536B00A3CBA3 /* libz.dylib in Frameworks */ = {isa = PBXBuildFile; fileRef = 2BD6A6F91A25536B00A3CBA3 /* libz.dylib */; };
/* End PBXBuildFile section */

/* Begin PBXContainerItemProxy section */
		2BBCFDFE1A052C1E00AE8BA6 /* PBXContainerItemProxy */ = {
			isa = PBXContainerItemProxy;
			containerPortal = 2BBCFDDC1A052C1E00AE8BA6 /* Project object */;
			proxyType = 1;
			remoteGlobalIDString = 2BBCFDE31A052C1E00AE8BA6;
			remoteInfo = lumichat;
		};
/* End PBXContainerItemProxy section */

/* Begin PBXFileReference section */
		2BBCFDE41A052C1E00AE8BA6 /* lumichat.app */ = {isa = PBXFileReference; explicitFileType = wrapper.application; includeInIndex = 0; path = lumichat.app; sourceTree = BUILT_PRODUCTS_DIR; };
		2BBCFDE81A052C1E00AE8BA6 /* Info.plist */ = {isa = PBXFileReference; lastKnownFileType = text.plist.xml; path = Info.plist; sourceTree = "<group>"; };
		2BBCFDF41A052C1E00AE8BA6 /* Images.xcassets */ = {isa = PBXFileReference; lastKnownFileType = folder.assetcatalog; path = Images.xcassets; sourceTree = "<group>"; };
		2BBCFDF71A052C1E00AE8BA6 /* Base */ = {isa = PBXFileReference; lastKnownFileType = file.xib; name = Base; path = Base.lproj/LaunchScreen.xib; sourceTree = "<group>"; };
		2BBCFDFD1A052C1E00AE8BA6 /* lumichatTests.xctest */ = {isa = PBXFileReference; explicitFileType = wrapper.cfbundle; includeInIndex = 0; path = lumichatTests.xctest; sourceTree = BUILT_PRODUCTS_DIR; };
		2BBCFE021A052C1E00AE8BA6 /* Info.plist */ = {isa = PBXFileReference; lastKnownFileType = text.plist.xml; path = Info.plist; sourceTree = "<group>"; };
		2BBCFE031A052C1E00AE8BA6 /* lumichatTests.swift */ = {isa = PBXFileReference; lastKnownFileType = sourcecode.swift; path = lumichatTests.swift; sourceTree = "<group>"; };
		2BBCFE0D1A052C4D00AE8BA6 /* lumichat-Bridging-Header.h */ = {isa = PBXFileReference; lastKnownFileType = sourcecode.c.h; path = "lumichat-Bridging-Header.h"; sourceTree = "<group>"; };
		2BBCFE271A052C9100AE8BA6 /* LXReorderableCollectionViewFlowLayout.h */ = {isa = PBXFileReference; fileEncoding = 4; lastKnownFileType = sourcecode.c.h; path = LXReorderableCollectionViewFlowLayout.h; sourceTree = "<group>"; };
		2BBCFE281A052C9100AE8BA6 /* LXReorderableCollectionViewFlowLayout.m */ = {isa = PBXFileReference; fileEncoding = 4; lastKnownFileType = sourcecode.c.objc; path = LXReorderableCollectionViewFlowLayout.m; sourceTree = "<group>"; };
		2BBCFE2B1A052CAB00AE8BA6 /* FMDatabasePool.h */ = {isa = PBXFileReference; fileEncoding = 4; lastKnownFileType = sourcecode.c.h; path = FMDatabasePool.h; sourceTree = "<group>"; };
		2BBCFE2C1A052CAB00AE8BA6 /* FMDatabasePool.m */ = {isa = PBXFileReference; fileEncoding = 4; lastKnownFileType = sourcecode.c.objc; path = FMDatabasePool.m; sourceTree = "<group>"; };
		2BBCFE2D1A052CAB00AE8BA6 /* FMDatabase.h */ = {isa = PBXFileReference; fileEncoding = 4; lastKnownFileType = sourcecode.c.h; path = FMDatabase.h; sourceTree = "<group>"; };
		2BBCFE2E1A052CAB00AE8BA6 /* FMDatabase.m */ = {isa = PBXFileReference; fileEncoding = 4; lastKnownFileType = sourcecode.c.objc; path = FMDatabase.m; sourceTree = "<group>"; };
		2BBCFE2F1A052CAB00AE8BA6 /* FMDatabaseAdditions.h */ = {isa = PBXFileReference; fileEncoding = 4; lastKnownFileType = sourcecode.c.h; path = FMDatabaseAdditions.h; sourceTree = "<group>"; };
		2BBCFE301A052CAB00AE8BA6 /* FMDatabaseAdditions.m */ = {isa = PBXFileReference; fileEncoding = 4; lastKnownFileType = sourcecode.c.objc; path = FMDatabaseAdditions.m; sourceTree = "<group>"; };
		2BBCFE311A052CAB00AE8BA6 /* FMResultSet.h */ = {isa = PBXFileReference; fileEncoding = 4; lastKnownFileType = sourcecode.c.h; path = FMResultSet.h; sourceTree = "<group>"; };
		2BBCFE321A052CAB00AE8BA6 /* FMResultSet.m */ = {isa = PBXFileReference; fileEncoding = 4; lastKnownFileType = sourcecode.c.objc; path = FMResultSet.m; sourceTree = "<group>"; };
		2BBCFE381A052CC200AE8BA6 /* Goodbye.wav */ = {isa = PBXFileReference; lastKnownFileType = audio.wav; path = Goodbye.wav; sourceTree = "<group>"; };
		2BBCFE391A052CC200AE8BA6 /* Hello.wav */ = {isa = PBXFileReference; lastKnownFileType = audio.wav; path = Hello.wav; sourceTree = "<group>"; };
		2BBCFE3A1A052CC200AE8BA6 /* How_Are_You.wav */ = {isa = PBXFileReference; lastKnownFileType = audio.wav; path = How_Are_You.wav; sourceTree = "<group>"; };
		2BBCFE3B1A052CC200AE8BA6 /* Im_Hungry.wav */ = {isa = PBXFileReference; lastKnownFileType = audio.wav; path = Im_Hungry.wav; sourceTree = "<group>"; };
		2BBCFE3C1A052CC200AE8BA6 /* Im_Thirsty.wav */ = {isa = PBXFileReference; lastKnownFileType = audio.wav; path = Im_Thirsty.wav; sourceTree = "<group>"; };
		2BBCFE3D1A052CC200AE8BA6 /* Im_Tired.wav */ = {isa = PBXFileReference; lastKnownFileType = audio.wav; path = Im_Tired.wav; sourceTree = "<group>"; };
		2BBCFE3E1A052CC200AE8BA6 /* Please_Help_Me.wav */ = {isa = PBXFileReference; lastKnownFileType = audio.wav; path = Please_Help_Me.wav; sourceTree = "<group>"; };
		2BBCFE461A052CD400AE8BA6 /* libsqlite3.0.dylib */ = {isa = PBXFileReference; lastKnownFileType = "compiled.mach-o.dylib"; name = libsqlite3.0.dylib; path = usr/lib/libsqlite3.0.dylib; sourceTree = SDKROOT; };
		2BBCFE481A052D5A00AE8BA6 /* AppDelegate.swift */ = {isa = PBXFileReference; fileEncoding = 4; lastKnownFileType = sourcecode.swift; path = AppDelegate.swift; sourceTree = "<group>"; };
		2BBCFE491A052D5A00AE8BA6 /* TableViewController.swift */ = {isa = PBXFileReference; fileEncoding = 4; lastKnownFileType = sourcecode.swift; path = TableViewController.swift; sourceTree = "<group>"; };
		2BBCFE4A1A052D5A00AE8BA6 /* DetailViewController.swift */ = {isa = PBXFileReference; fileEncoding = 4; lastKnownFileType = sourcecode.swift; path = DetailViewController.swift; sourceTree = "<group>"; };
		2BBCFE4B1A052D5A00AE8BA6 /* SettingsViewController.swift */ = {isa = PBXFileReference; fileEncoding = 4; lastKnownFileType = sourcecode.swift; path = SettingsViewController.swift; sourceTree = "<group>"; };
		2BBCFE4C1A052D5A00AE8BA6 /* Constants.swift */ = {isa = PBXFileReference; fileEncoding = 4; lastKnownFileType = sourcecode.swift; path = Constants.swift; sourceTree = "<group>"; };
		2BBCFE4D1A052D5A00AE8BA6 /* CreateButtonViewController.swift */ = {isa = PBXFileReference; fileEncoding = 4; lastKnownFileType = sourcecode.swift; path = CreateButtonViewController.swift; sourceTree = "<group>"; };
		2BBCFE4E1A052D5A00AE8BA6 /* Main.storyboard */ = {isa = PBXFileReference; fileEncoding = 4; lastKnownFileType = file.storyboard; path = Main.storyboard; sourceTree = "<group>"; };
		2BBCFE4F1A052D5A00AE8BA6 /* buttonTest.jpg */ = {isa = PBXFileReference; lastKnownFileType = image.jpeg; path = buttonTest.jpg; sourceTree = "<group>"; };
		2BBCFE501A052D5A00AE8BA6 /* face.gif */ = {isa = PBXFileReference; lastKnownFileType = image.gif; path = face.gif; sourceTree = "<group>"; };
		2BBCFE511A052D5A00AE8BA6 /* ScannerDrawer.swift */ = {isa = PBXFileReference; fileEncoding = 4; lastKnownFileType = sourcecode.swift; path = ScannerDrawer.swift; sourceTree = "<group>"; };
		2BBCFE521A052D5A00AE8BA6 /* LXCollectionViewController1.swift */ = {isa = PBXFileReference; fileEncoding = 4; lastKnownFileType = sourcecode.swift; path = LXCollectionViewController1.swift; sourceTree = "<group>"; };
		2BBCFE531A052D5A00AE8BA6 /* ScanController.swift */ = {isa = PBXFileReference; fileEncoding = 4; lastKnownFileType = sourcecode.swift; path = ScanController.swift; sourceTree = "<group>"; };
		2BBCFE541A052D5A00AE8BA6 /* ButtonCell.swift */ = {isa = PBXFileReference; fileEncoding = 4; lastKnownFileType = sourcecode.swift; path = ButtonCell.swift; sourceTree = "<group>"; };
		2BBCFE641A0576F500AE8BA6 /* MainViewController.swift */ = {isa = PBXFileReference; fileEncoding = 4; lastKnownFileType = sourcecode.swift; name = MainViewController.swift; path = ../MainViewController.swift; sourceTree = "<group>"; };
		2BD6A6E91A25534300A3CBA3 /* crypt.h */ = {isa = PBXFileReference; fileEncoding = 4; lastKnownFileType = sourcecode.c.h; path = crypt.h; sourceTree = "<group>"; };
		2BD6A6EA1A25534300A3CBA3 /* ioapi.c */ = {isa = PBXFileReference; fileEncoding = 4; lastKnownFileType = sourcecode.c.c; path = ioapi.c; sourceTree = "<group>"; };
		2BD6A6EB1A25534300A3CBA3 /* ioapi.h */ = {isa = PBXFileReference; fileEncoding = 4; lastKnownFileType = sourcecode.c.h; path = ioapi.h; sourceTree = "<group>"; };
		2BD6A6EC1A25534300A3CBA3 /* mztools.c */ = {isa = PBXFileReference; fileEncoding = 4; lastKnownFileType = sourcecode.c.c; path = mztools.c; sourceTree = "<group>"; };
		2BD6A6ED1A25534300A3CBA3 /* mztools.h */ = {isa = PBXFileReference; fileEncoding = 4; lastKnownFileType = sourcecode.c.h; path = mztools.h; sourceTree = "<group>"; };
		2BD6A6EE1A25534300A3CBA3 /* unzip.c */ = {isa = PBXFileReference; fileEncoding = 4; lastKnownFileType = sourcecode.c.c; path = unzip.c; sourceTree = "<group>"; };
		2BD6A6EF1A25534300A3CBA3 /* unzip.h */ = {isa = PBXFileReference; fileEncoding = 4; lastKnownFileType = sourcecode.c.h; path = unzip.h; sourceTree = "<group>"; };
		2BD6A6F01A25534300A3CBA3 /* zip.c */ = {isa = PBXFileReference; fileEncoding = 4; lastKnownFileType = sourcecode.c.c; path = zip.c; sourceTree = "<group>"; };
		2BD6A6F11A25534300A3CBA3 /* zip.h */ = {isa = PBXFileReference; fileEncoding = 4; lastKnownFileType = sourcecode.c.h; path = zip.h; sourceTree = "<group>"; };
		2BD6A6F21A25534300A3CBA3 /* SSZipArchive.h */ = {isa = PBXFileReference; fileEncoding = 4; lastKnownFileType = sourcecode.c.h; path = SSZipArchive.h; sourceTree = "<group>"; };
		2BD6A6F31A25534300A3CBA3 /* SSZipArchive.m */ = {isa = PBXFileReference; fileEncoding = 4; lastKnownFileType = sourcecode.c.objc; path = SSZipArchive.m; sourceTree = "<group>"; };
		2BD6A6F91A25536B00A3CBA3 /* libz.dylib */ = {isa = PBXFileReference; lastKnownFileType = "compiled.mach-o.dylib"; name = libz.dylib; path = usr/lib/libz.dylib; sourceTree = SDKROOT; };
/* End PBXFileReference section */

/* Begin PBXFrameworksBuildPhase section */
		2BBCFDE11A052C1E00AE8BA6 /* Frameworks */ = {
			isa = PBXFrameworksBuildPhase;
			buildActionMask = 2147483647;
			files = (
				2BD6A6FA1A25536B00A3CBA3 /* libz.dylib in Frameworks */,
				2BBCFE471A052CD400AE8BA6 /* libsqlite3.0.dylib in Frameworks */,
			);
			runOnlyForDeploymentPostprocessing = 0;
		};
		2BBCFDFA1A052C1E00AE8BA6 /* Frameworks */ = {
			isa = PBXFrameworksBuildPhase;
			buildActionMask = 2147483647;
			files = (
			);
			runOnlyForDeploymentPostprocessing = 0;
		};
/* End PBXFrameworksBuildPhase section */

/* Begin PBXGroup section */
		2BBCFDDB1A052C1E00AE8BA6 = {
			isa = PBXGroup;
			children = (
				2BD6A6F91A25536B00A3CBA3 /* libz.dylib */,
				2BBCFE461A052CD400AE8BA6 /* libsqlite3.0.dylib */,
				2BBCFDE61A052C1E00AE8BA6 /* lumichat */,
				2BBCFE001A052C1E00AE8BA6 /* lumichatTests */,
				2BBCFDE51A052C1E00AE8BA6 /* Products */,
			);
			sourceTree = "<group>";
		};
		2BBCFDE51A052C1E00AE8BA6 /* Products */ = {
			isa = PBXGroup;
			children = (
				2BBCFDE41A052C1E00AE8BA6 /* lumichat.app */,
				2BBCFDFD1A052C1E00AE8BA6 /* lumichatTests.xctest */,
			);
			name = Products;
			sourceTree = "<group>";
		};
		2BBCFDE61A052C1E00AE8BA6 /* lumichat */ = {
			isa = PBXGroup;
			children = (
				2BBCFE641A0576F500AE8BA6 /* MainViewController.swift */,
				2BD6A6E71A25534300A3CBA3 /* SSZipArchive */,
				2BBCFE481A052D5A00AE8BA6 /* AppDelegate.swift */,
				2BBCFE491A052D5A00AE8BA6 /* TableViewController.swift */,
				2BBCFE4A1A052D5A00AE8BA6 /* DetailViewController.swift */,
				2BBCFE4B1A052D5A00AE8BA6 /* SettingsViewController.swift */,
				2BBCFE4C1A052D5A00AE8BA6 /* Constants.swift */,
				2BBCFE4D1A052D5A00AE8BA6 /* CreateButtonViewController.swift */,
				2BBCFE4E1A052D5A00AE8BA6 /* Main.storyboard */,
				2BBCFE4F1A052D5A00AE8BA6 /* buttonTest.jpg */,
				2BBCFE501A052D5A00AE8BA6 /* face.gif */,
				2BBCFE511A052D5A00AE8BA6 /* ScannerDrawer.swift */,
				2BBCFE521A052D5A00AE8BA6 /* LXCollectionViewController1.swift */,
				2BBCFE531A052D5A00AE8BA6 /* ScanController.swift */,
				2BBCFE541A052D5A00AE8BA6 /* ButtonCell.swift */,
				2BBCFE371A052CB700AE8BA6 /* Audio */,
				2BBCFE2A1A052C9D00AE8BA6 /* FMDB */,
				2BBCFE261A052C8300AE8BA6 /* Library */,
				2BBCFDF41A052C1E00AE8BA6 /* Images.xcassets */,
				2BBCFDF61A052C1E00AE8BA6 /* LaunchScreen.xib */,
				2BBCFDE71A052C1E00AE8BA6 /* Supporting Files */,
				2BBCFE0D1A052C4D00AE8BA6 /* lumichat-Bridging-Header.h */,
			);
			path = lumichat;
			sourceTree = "<group>";
		};
		2BBCFDE71A052C1E00AE8BA6 /* Supporting Files */ = {
			isa = PBXGroup;
			children = (
				2BBCFDE81A052C1E00AE8BA6 /* Info.plist */,
			);
			name = "Supporting Files";
			sourceTree = "<group>";
		};
		2BBCFE001A052C1E00AE8BA6 /* lumichatTests */ = {
			isa = PBXGroup;
			children = (
				2BBCFE031A052C1E00AE8BA6 /* lumichatTests.swift */,
				2BBCFE011A052C1E00AE8BA6 /* Supporting Files */,
			);
			path = lumichatTests;
			sourceTree = "<group>";
		};
		2BBCFE011A052C1E00AE8BA6 /* Supporting Files */ = {
			isa = PBXGroup;
			children = (
				2BBCFE021A052C1E00AE8BA6 /* Info.plist */,
			);
			name = "Supporting Files";
			sourceTree = "<group>";
		};
		2BBCFE261A052C8300AE8BA6 /* Library */ = {
			isa = PBXGroup;
			children = (
				2BBCFE271A052C9100AE8BA6 /* LXReorderableCollectionViewFlowLayout.h */,
				2BBCFE281A052C9100AE8BA6 /* LXReorderableCollectionViewFlowLayout.m */,
			);
			name = Library;
			sourceTree = "<group>";
		};
		2BBCFE2A1A052C9D00AE8BA6 /* FMDB */ = {
			isa = PBXGroup;
			children = (
				2BBCFE2B1A052CAB00AE8BA6 /* FMDatabasePool.h */,
				2BBCFE2C1A052CAB00AE8BA6 /* FMDatabasePool.m */,
				2BBCFE2D1A052CAB00AE8BA6 /* FMDatabase.h */,
				2BBCFE2E1A052CAB00AE8BA6 /* FMDatabase.m */,
				2BBCFE2F1A052CAB00AE8BA6 /* FMDatabaseAdditions.h */,
				2BBCFE301A052CAB00AE8BA6 /* FMDatabaseAdditions.m */,
				2BBCFE311A052CAB00AE8BA6 /* FMResultSet.h */,
				2BBCFE321A052CAB00AE8BA6 /* FMResultSet.m */,
			);
			name = FMDB;
			sourceTree = "<group>";
		};
		2BBCFE371A052CB700AE8BA6 /* Audio */ = {
			isa = PBXGroup;
			children = (
				2BBCFE381A052CC200AE8BA6 /* Goodbye.wav */,
				2BBCFE391A052CC200AE8BA6 /* Hello.wav */,
				2BBCFE3A1A052CC200AE8BA6 /* How_Are_You.wav */,
				2BBCFE3B1A052CC200AE8BA6 /* Im_Hungry.wav */,
				2BBCFE3C1A052CC200AE8BA6 /* Im_Thirsty.wav */,
				2BBCFE3D1A052CC200AE8BA6 /* Im_Tired.wav */,
				2BBCFE3E1A052CC200AE8BA6 /* Please_Help_Me.wav */,
			);
			name = Audio;
			sourceTree = "<group>";
		};
		2BD6A6E71A25534300A3CBA3 /* SSZipArchive */ = {
			isa = PBXGroup;
			children = (
				2BD6A6E81A25534300A3CBA3 /* minizip */,
				2BD6A6F21A25534300A3CBA3 /* SSZipArchive.h */,
				2BD6A6F31A25534300A3CBA3 /* SSZipArchive.m */,
			);
			name = SSZipArchive;
			path = ../../Libraries/ssziparchive/ssziparchive/SSZipArchive;
			sourceTree = "<group>";
		};
		2BD6A6E81A25534300A3CBA3 /* minizip */ = {
			isa = PBXGroup;
			children = (
				2BD6A6E91A25534300A3CBA3 /* crypt.h */,
				2BD6A6EA1A25534300A3CBA3 /* ioapi.c */,
				2BD6A6EB1A25534300A3CBA3 /* ioapi.h */,
				2BD6A6EC1A25534300A3CBA3 /* mztools.c */,
				2BD6A6ED1A25534300A3CBA3 /* mztools.h */,
				2BD6A6EE1A25534300A3CBA3 /* unzip.c */,
				2BD6A6EF1A25534300A3CBA3 /* unzip.h */,
				2BD6A6F01A25534300A3CBA3 /* zip.c */,
				2BD6A6F11A25534300A3CBA3 /* zip.h */,
			);
			path = minizip;
			sourceTree = "<group>";
		};
/* End PBXGroup section */

/* Begin PBXNativeTarget section */
		2BBCFDE31A052C1E00AE8BA6 /* lumichat */ = {
			isa = PBXNativeTarget;
			buildConfigurationList = 2BBCFE071A052C1E00AE8BA6 /* Build configuration list for PBXNativeTarget "lumichat" */;
			buildPhases = (
				2BBCFDE01A052C1E00AE8BA6 /* Sources */,
				2BBCFDE11A052C1E00AE8BA6 /* Frameworks */,
				2BBCFDE21A052C1E00AE8BA6 /* Resources */,
			);
			buildRules = (
			);
			dependencies = (
			);
			name = lumichat;
			productName = lumichat;
			productReference = 2BBCFDE41A052C1E00AE8BA6 /* lumichat.app */;
			productType = "com.apple.product-type.application";
		};
		2BBCFDFC1A052C1E00AE8BA6 /* lumichatTests */ = {
			isa = PBXNativeTarget;
			buildConfigurationList = 2BBCFE0A1A052C1E00AE8BA6 /* Build configuration list for PBXNativeTarget "lumichatTests" */;
			buildPhases = (
				2BBCFDF91A052C1E00AE8BA6 /* Sources */,
				2BBCFDFA1A052C1E00AE8BA6 /* Frameworks */,
				2BBCFDFB1A052C1E00AE8BA6 /* Resources */,
			);
			buildRules = (
			);
			dependencies = (
				2BBCFDFF1A052C1E00AE8BA6 /* PBXTargetDependency */,
			);
			name = lumichatTests;
			productName = lumichatTests;
			productReference = 2BBCFDFD1A052C1E00AE8BA6 /* lumichatTests.xctest */;
			productType = "com.apple.product-type.bundle.unit-test";
		};
/* End PBXNativeTarget section */

/* Begin PBXProject section */
		2BBCFDDC1A052C1E00AE8BA6 /* Project object */ = {
			isa = PBXProject;
			attributes = {
				LastUpgradeCheck = 0610;
				ORGANIZATIONNAME = "Nick Martinson";
				TargetAttributes = {
					2BBCFDE31A052C1E00AE8BA6 = {
						CreatedOnToolsVersion = 6.1;
						DevelopmentTeam = QTYS96LR2E;
					};
					2BBCFDFC1A052C1E00AE8BA6 = {
						CreatedOnToolsVersion = 6.1;
						TestTargetID = 2BBCFDE31A052C1E00AE8BA6;
					};
				};
			};
			buildConfigurationList = 2BBCFDDF1A052C1E00AE8BA6 /* Build configuration list for PBXProject "lumichat" */;
			compatibilityVersion = "Xcode 3.2";
			developmentRegion = English;
			hasScannedForEncodings = 0;
			knownRegions = (
				en,
				Base,
			);
			mainGroup = 2BBCFDDB1A052C1E00AE8BA6;
			productRefGroup = 2BBCFDE51A052C1E00AE8BA6 /* Products */;
			projectDirPath = "";
			projectRoot = "";
			targets = (
				2BBCFDE31A052C1E00AE8BA6 /* lumichat */,
				2BBCFDFC1A052C1E00AE8BA6 /* lumichatTests */,
			);
		};
/* End PBXProject section */

/* Begin PBXResourcesBuildPhase section */
		2BBCFDE21A052C1E00AE8BA6 /* Resources */ = {
			isa = PBXResourcesBuildPhase;
			buildActionMask = 2147483647;
			files = (
				2BBCFE401A052CC200AE8BA6 /* Hello.wav in Resources */,
				2BBCFE5B1A052D5A00AE8BA6 /* Main.storyboard in Resources */,
				2BBCFE5C1A052D5A00AE8BA6 /* buttonTest.jpg in Resources */,
				2BBCFE441A052CC200AE8BA6 /* Im_Tired.wav in Resources */,
				2BBCFE411A052CC200AE8BA6 /* How_Are_You.wav in Resources */,
				2BBCFE421A052CC200AE8BA6 /* Im_Hungry.wav in Resources */,
				2BBCFE431A052CC200AE8BA6 /* Im_Thirsty.wav in Resources */,
				2BBCFE5D1A052D5A00AE8BA6 /* face.gif in Resources */,
				2BBCFDF81A052C1E00AE8BA6 /* LaunchScreen.xib in Resources */,
				2BBCFE451A052CC200AE8BA6 /* Please_Help_Me.wav in Resources */,
				2BBCFE3F1A052CC200AE8BA6 /* Goodbye.wav in Resources */,
				2BBCFDF51A052C1E00AE8BA6 /* Images.xcassets in Resources */,
			);
			runOnlyForDeploymentPostprocessing = 0;
		};
		2BBCFDFB1A052C1E00AE8BA6 /* Resources */ = {
			isa = PBXResourcesBuildPhase;
			buildActionMask = 2147483647;
			files = (
			);
			runOnlyForDeploymentPostprocessing = 0;
		};
/* End PBXResourcesBuildPhase section */

/* Begin PBXSourcesBuildPhase section */
		2BBCFDE01A052C1E00AE8BA6 /* Sources */ = {
			isa = PBXSourcesBuildPhase;
			buildActionMask = 2147483647;
			files = (
				2BD6A6F61A25534300A3CBA3 /* unzip.c in Sources */,
				2BBCFE551A052D5A00AE8BA6 /* AppDelegate.swift in Sources */,
				2BBCFE5A1A052D5A00AE8BA6 /* CreateButtonViewController.swift in Sources */,
				2BBCFE5F1A052D5A00AE8BA6 /* LXCollectionViewController1.swift in Sources */,
				2BBCFE561A052D5A00AE8BA6 /* TableViewController.swift in Sources */,
				2BBCFE291A052C9100AE8BA6 /* LXReorderableCollectionViewFlowLayout.m in Sources */,
				2BD6A6F71A25534300A3CBA3 /* zip.c in Sources */,
				2BBCFE361A052CAB00AE8BA6 /* FMResultSet.m in Sources */,
				2BBCFE5E1A052D5A00AE8BA6 /* ScannerDrawer.swift in Sources */,
				2BD6A6F51A25534300A3CBA3 /* mztools.c in Sources */,
				2BBCFE341A052CAB00AE8BA6 /* FMDatabase.m in Sources */,
				2BBCFE611A052D5A00AE8BA6 /* ButtonCell.swift in Sources */,
				2BBCFE651A0576F500AE8BA6 /* MainViewController.swift in Sources */,
				2BD6A6F41A25534300A3CBA3 /* ioapi.c in Sources */,
				2BBCFE601A052D5A00AE8BA6 /* ScanController.swift in Sources */,
				2BBCFE591A052D5A00AE8BA6 /* Constants.swift in Sources */,
				2BD6A6F81A25534300A3CBA3 /* SSZipArchive.m in Sources */,
				2BBCFE331A052CAB00AE8BA6 /* FMDatabasePool.m in Sources */,
				2BBCFE351A052CAB00AE8BA6 /* FMDatabaseAdditions.m in Sources */,
				2BBCFE581A052D5A00AE8BA6 /* SettingsViewController.swift in Sources */,
			);
			runOnlyForDeploymentPostprocessing = 0;
		};
		2BBCFDF91A052C1E00AE8BA6 /* Sources */ = {
			isa = PBXSourcesBuildPhase;
			buildActionMask = 2147483647;
			files = (
				2BBCFE041A052C1E00AE8BA6 /* lumichatTests.swift in Sources */,
			);
			runOnlyForDeploymentPostprocessing = 0;
		};
/* End PBXSourcesBuildPhase section */

/* Begin PBXTargetDependency section */
		2BBCFDFF1A052C1E00AE8BA6 /* PBXTargetDependency */ = {
			isa = PBXTargetDependency;
			target = 2BBCFDE31A052C1E00AE8BA6 /* lumichat */;
			targetProxy = 2BBCFDFE1A052C1E00AE8BA6 /* PBXContainerItemProxy */;
		};
/* End PBXTargetDependency section */

/* Begin PBXVariantGroup section */
		2BBCFDF61A052C1E00AE8BA6 /* LaunchScreen.xib */ = {
			isa = PBXVariantGroup;
			children = (
				2BBCFDF71A052C1E00AE8BA6 /* Base */,
			);
			name = LaunchScreen.xib;
			sourceTree = "<group>";
		};
/* End PBXVariantGroup section */

/* Begin XCBuildConfiguration section */
		2BBCFE051A052C1E00AE8BA6 /* Debug */ = {
			isa = XCBuildConfiguration;
			buildSettings = {
				ALWAYS_SEARCH_USER_PATHS = NO;
				CLANG_CXX_LANGUAGE_STANDARD = "gnu++0x";
				CLANG_CXX_LIBRARY = "libc++";
				CLANG_ENABLE_MODULES = YES;
				CLANG_ENABLE_OBJC_ARC = YES;
				CLANG_WARN_BOOL_CONVERSION = YES;
				CLANG_WARN_CONSTANT_CONVERSION = YES;
				CLANG_WARN_DIRECT_OBJC_ISA_USAGE = YES_ERROR;
				CLANG_WARN_EMPTY_BODY = YES;
				CLANG_WARN_ENUM_CONVERSION = YES;
				CLANG_WARN_INT_CONVERSION = YES;
				CLANG_WARN_OBJC_ROOT_CLASS = YES_ERROR;
				CLANG_WARN_UNREACHABLE_CODE = YES;
				CLANG_WARN__DUPLICATE_METHOD_MATCH = YES;
				"CODE_SIGN_IDENTITY[sdk=iphoneos*]" = "iPhone Developer";
				COPY_PHASE_STRIP = NO;
				ENABLE_STRICT_OBJC_MSGSEND = YES;
				GCC_C_LANGUAGE_STANDARD = gnu99;
				GCC_DYNAMIC_NO_PIC = NO;
				GCC_OPTIMIZATION_LEVEL = 0;
				GCC_PREPROCESSOR_DEFINITIONS = (
					"DEBUG=1",
					"$(inherited)",
				);
				GCC_SYMBOLS_PRIVATE_EXTERN = NO;
				GCC_WARN_64_TO_32_BIT_CONVERSION = YES;
				GCC_WARN_ABOUT_RETURN_TYPE = YES_ERROR;
				GCC_WARN_UNDECLARED_SELECTOR = YES;
				GCC_WARN_UNINITIALIZED_AUTOS = YES_AGGRESSIVE;
				GCC_WARN_UNUSED_FUNCTION = YES;
				GCC_WARN_UNUSED_VARIABLE = YES;
				IPHONEOS_DEPLOYMENT_TARGET = 8.1;
				MTL_ENABLE_DEBUG_INFO = YES;
				ONLY_ACTIVE_ARCH = YES;
				SDKROOT = iphoneos;
				SWIFT_OPTIMIZATION_LEVEL = "-Onone";
				TARGETED_DEVICE_FAMILY = 2;
			};
			name = Debug;
		};
		2BBCFE061A052C1E00AE8BA6 /* Release */ = {
			isa = XCBuildConfiguration;
			buildSettings = {
				ALWAYS_SEARCH_USER_PATHS = NO;
				CLANG_CXX_LANGUAGE_STANDARD = "gnu++0x";
				CLANG_CXX_LIBRARY = "libc++";
				CLANG_ENABLE_MODULES = YES;
				CLANG_ENABLE_OBJC_ARC = YES;
				CLANG_WARN_BOOL_CONVERSION = YES;
				CLANG_WARN_CONSTANT_CONVERSION = YES;
				CLANG_WARN_DIRECT_OBJC_ISA_USAGE = YES_ERROR;
				CLANG_WARN_EMPTY_BODY = YES;
				CLANG_WARN_ENUM_CONVERSION = YES;
				CLANG_WARN_INT_CONVERSION = YES;
				CLANG_WARN_OBJC_ROOT_CLASS = YES_ERROR;
				CLANG_WARN_UNREACHABLE_CODE = YES;
				CLANG_WARN__DUPLICATE_METHOD_MATCH = YES;
				"CODE_SIGN_IDENTITY[sdk=iphoneos*]" = "iPhone Developer";
				COPY_PHASE_STRIP = YES;
				ENABLE_NS_ASSERTIONS = NO;
				ENABLE_STRICT_OBJC_MSGSEND = YES;
				GCC_C_LANGUAGE_STANDARD = gnu99;
				GCC_WARN_64_TO_32_BIT_CONVERSION = YES;
				GCC_WARN_ABOUT_RETURN_TYPE = YES_ERROR;
				GCC_WARN_UNDECLARED_SELECTOR = YES;
				GCC_WARN_UNINITIALIZED_AUTOS = YES_AGGRESSIVE;
				GCC_WARN_UNUSED_FUNCTION = YES;
				GCC_WARN_UNUSED_VARIABLE = YES;
				IPHONEOS_DEPLOYMENT_TARGET = 8.1;
				MTL_ENABLE_DEBUG_INFO = NO;
				SDKROOT = iphoneos;
				TARGETED_DEVICE_FAMILY = 2;
				VALIDATE_PRODUCT = YES;
			};
			name = Release;
		};
		2BBCFE081A052C1E00AE8BA6 /* Debug */ = {
			isa = XCBuildConfiguration;
			buildSettings = {
				ASSETCATALOG_COMPILER_APPICON_NAME = AppIcon;
				CLANG_ENABLE_MODULES = YES;
				CODE_SIGN_IDENTITY = "iPhone Developer";
				"CODE_SIGN_IDENTITY[sdk=iphoneos*]" = "iPhone Developer";
				"HEADER_SEARCH_PATHS[arch=*]" = ../zipzap;
				INFOPLIST_FILE = lumichat/Info.plist;
				IPHONEOS_DEPLOYMENT_TARGET = 8.0;
				LD_RUNPATH_SEARCH_PATHS = "$(inherited) @executable_path/Frameworks";
				PRODUCT_NAME = "$(TARGET_NAME)";
				PROVISIONING_PROFILE = "";
				SWIFT_OBJC_BRIDGING_HEADER = "lumichat/lumichat-Bridging-Header.h";
				SWIFT_OPTIMIZATION_LEVEL = "-Onone";
			};
			name = Debug;
		};
		2BBCFE091A052C1E00AE8BA6 /* Release */ = {
			isa = XCBuildConfiguration;
			buildSettings = {
				ASSETCATALOG_COMPILER_APPICON_NAME = AppIcon;
				CLANG_ENABLE_MODULES = YES;
				CODE_SIGN_IDENTITY = "iPhone Developer";
				"CODE_SIGN_IDENTITY[sdk=iphoneos*]" = "iPhone Developer";
				INFOPLIST_FILE = lumichat/Info.plist;
				IPHONEOS_DEPLOYMENT_TARGET = 8.0;
				LD_RUNPATH_SEARCH_PATHS = "$(inherited) @executable_path/Frameworks";
				PRODUCT_NAME = "$(TARGET_NAME)";
				PROVISIONING_PROFILE = "";
				SWIFT_OBJC_BRIDGING_HEADER = "lumichat/lumichat-Bridging-Header.h";
			};
			name = Release;
		};
		2BBCFE0B1A052C1E00AE8BA6 /* Debug */ = {
			isa = XCBuildConfiguration;
			buildSettings = {
				BUNDLE_LOADER = "$(TEST_HOST)";
				FRAMEWORK_SEARCH_PATHS = (
					"$(SDKROOT)/Developer/Library/Frameworks",
					"$(inherited)",
				);
				GCC_PREPROCESSOR_DEFINITIONS = (
					"DEBUG=1",
					"$(inherited)",
				);
				INFOPLIST_FILE = lumichatTests/Info.plist;
				LD_RUNPATH_SEARCH_PATHS = "$(inherited) @executable_path/Frameworks @loader_path/Frameworks";
				PRODUCT_NAME = "$(TARGET_NAME)";
				TEST_HOST = "$(BUILT_PRODUCTS_DIR)/lumichat.app/lumichat";
			};
			name = Debug;
		};
		2BBCFE0C1A052C1E00AE8BA6 /* Release */ = {
			isa = XCBuildConfiguration;
			buildSettings = {
				BUNDLE_LOADER = "$(TEST_HOST)";
				FRAMEWORK_SEARCH_PATHS = (
					"$(SDKROOT)/Developer/Library/Frameworks",
					"$(inherited)",
				);
				INFOPLIST_FILE = lumichatTests/Info.plist;
				LD_RUNPATH_SEARCH_PATHS = "$(inherited) @executable_path/Frameworks @loader_path/Frameworks";
				PRODUCT_NAME = "$(TARGET_NAME)";
				TEST_HOST = "$(BUILT_PRODUCTS_DIR)/lumichat.app/lumichat";
			};
			name = Release;
		};
/* End XCBuildConfiguration section */

/* Begin XCConfigurationList section */
		2BBCFDDF1A052C1E00AE8BA6 /* Build configuration list for PBXProject "lumichat" */ = {
			isa = XCConfigurationList;
			buildConfigurations = (
				2BBCFE051A052C1E00AE8BA6 /* Debug */,
				2BBCFE061A052C1E00AE8BA6 /* Release */,
			);
			defaultConfigurationIsVisible = 0;
			defaultConfigurationName = Release;
		};
		2BBCFE071A052C1E00AE8BA6 /* Build configuration list for PBXNativeTarget "lumichat" */ = {
			isa = XCConfigurationList;
			buildConfigurations = (
				2BBCFE081A052C1E00AE8BA6 /* Debug */,
				2BBCFE091A052C1E00AE8BA6 /* Release */,
			);
			defaultConfigurationIsVisible = 0;
			defaultConfigurationName = Release;
		};
		2BBCFE0A1A052C1E00AE8BA6 /* Build configuration list for PBXNativeTarget "lumichatTests" */ = {
			isa = XCConfigurationList;
			buildConfigurations = (
				2BBCFE0B1A052C1E00AE8BA6 /* Debug */,
				2BBCFE0C1A052C1E00AE8BA6 /* Release */,
			);
			defaultConfigurationIsVisible = 0;
			defaultConfigurationName = Release;
		};
/* End XCConfigurationList section */
	};
	rootObject = 2BBCFDDC1A052C1E00AE8BA6 /* Project object */;
}
